
Microsoft Visual Studio Solution File, Format Version 12.00
# Visual Studio Version 17
VisualStudioVersion = 17.10.35004.147
MinimumVisualStudioVersion = 10.0.40219.1
Project("{FAE04EC0-301F-11D3-BF4B-00C04F79EFBC}") = "Prog_Tema_4_Ej_09", "Prog_Tema_4_Ej_09\Prog_Tema_4_Ej_09.csproj", "{4F25069A-28CC-47F1-BDC3-E1ED20521311}"
EndProject
Global
	GlobalSection(SolutionConfigurationPlatforms) = preSolution
		Debug|Any CPU = Debug|Any CPU
		Release|Any CPU = Release|Any CPU
	EndGlobalSection
	GlobalSection(ProjectConfigurationPlatforms) = postSolution
		{4F25069A-28CC-47F1-BDC3-E1ED20521311}.Debug|Any CPU.ActiveCfg = Debug|Any CPU
		{4F25069A-28CC-47F1-BDC3-E1ED20521311}.Debug|Any CPU.Build.0 = Debug|Any CPU
		{4F25069A-28CC-47F1-BDC3-E1ED20521311}.Release|Any CPU.ActiveCfg = Release|Any CPU
		{4F25069A-28CC-47F1-BDC3-E1ED20521311}.Release|Any CPU.Build.0 = Release|Any CPU
	EndGlobalSection
	GlobalSection(SolutionProperties) = preSolution
		HideSolutionNode = FALSE
	EndGlobalSection
	GlobalSection(ExtensibilityGlobals) = postSolution
		SolutionGuid = {32B325A5-E156-4581-9DF0-8FBCE8AE35A6}
	EndGlobalSection
EndGlobal
