
Microsoft Visual Studio Solution File, Format Version 12.00
# Visual Studio Version 17
VisualStudioVersion = 17.10.35004.147
MinimumVisualStudioVersion = 10.0.40219.1
Project("{FAE04EC0-301F-11D3-BF4B-00C04F79EFBC}") = "Prog_Tema_4_Ej_12", "Prog_Tema_4_Ej_12\Prog_Tema_4_Ej_12.csproj", "{F7D24D9B-86AA-4DF0-B641-2CD3DECD958E}"
EndProject
Global
	GlobalSection(SolutionConfigurationPlatforms) = preSolution
		Debug|Any CPU = Debug|Any CPU
		Release|Any CPU = Release|Any CPU
	EndGlobalSection
	GlobalSection(ProjectConfigurationPlatforms) = postSolution
		{F7D24D9B-86AA-4DF0-B641-2CD3DECD958E}.Debug|Any CPU.ActiveCfg = Debug|Any CPU
		{F7D24D9B-86AA-4DF0-B641-2CD3DECD958E}.Debug|Any CPU.Build.0 = Debug|Any CPU
		{F7D24D9B-86AA-4DF0-B641-2CD3DECD958E}.Release|Any CPU.ActiveCfg = Release|Any CPU
		{F7D24D9B-86AA-4DF0-B641-2CD3DECD958E}.Release|Any CPU.Build.0 = Release|Any CPU
	EndGlobalSection
	GlobalSection(SolutionProperties) = preSolution
		HideSolutionNode = FALSE
	EndGlobalSection
	GlobalSection(ExtensibilityGlobals) = postSolution
		SolutionGuid = {E83FA6FE-D2ED-4A5E-8D90-AF713DAD7774}
	EndGlobalSection
EndGlobal
