
Microsoft Visual Studio Solution File, Format Version 12.00
# Visual Studio Version 17
VisualStudioVersion = 17.10.35004.147
MinimumVisualStudioVersion = 10.0.40219.1
Project("{FAE04EC0-301F-11D3-BF4B-00C04F79EFBC}") = "Prog_Tema_5_Ej_05", "Prog_Tema_5_Ej_05\Prog_Tema_5_Ej_05.csproj", "{1E752C67-8355-41CD-8238-653B2EF13B49}"
EndProject
Global
	GlobalSection(SolutionConfigurationPlatforms) = preSolution
		Debug|Any CPU = Debug|Any CPU
		Release|Any CPU = Release|Any CPU
	EndGlobalSection
	GlobalSection(ProjectConfigurationPlatforms) = postSolution
		{1E752C67-8355-41CD-8238-653B2EF13B49}.Debug|Any CPU.ActiveCfg = Debug|Any CPU
		{1E752C67-8355-41CD-8238-653B2EF13B49}.Debug|Any CPU.Build.0 = Debug|Any CPU
		{1E752C67-8355-41CD-8238-653B2EF13B49}.Release|Any CPU.ActiveCfg = Release|Any CPU
		{1E752C67-8355-41CD-8238-653B2EF13B49}.Release|Any CPU.Build.0 = Release|Any CPU
	EndGlobalSection
	GlobalSection(SolutionProperties) = preSolution
		HideSolutionNode = FALSE
	EndGlobalSection
	GlobalSection(ExtensibilityGlobals) = postSolution
		SolutionGuid = {E975292F-728D-42C6-BFB9-A4679BA063C6}
	EndGlobalSection
EndGlobal
