
Microsoft Visual Studio Solution File, Format Version 12.00
# Visual Studio Version 17
VisualStudioVersion = 17.10.35004.147
MinimumVisualStudioVersion = 10.0.40219.1
Project("{FAE04EC0-301F-11D3-BF4B-00C04F79EFBC}") = "Prog_Tema_3_Ej_10", "Prog_Tema_3_Ej_10\Prog_Tema_3_Ej_10.csproj", "{65C02DD3-1E1F-4D3B-BA71-EC94F3FA2809}"
EndProject
Global
	GlobalSection(SolutionConfigurationPlatforms) = preSolution
		Debug|Any CPU = Debug|Any CPU
		Release|Any CPU = Release|Any CPU
	EndGlobalSection
	GlobalSection(ProjectConfigurationPlatforms) = postSolution
		{65C02DD3-1E1F-4D3B-BA71-EC94F3FA2809}.Debug|Any CPU.ActiveCfg = Debug|Any CPU
		{65C02DD3-1E1F-4D3B-BA71-EC94F3FA2809}.Debug|Any CPU.Build.0 = Debug|Any CPU
		{65C02DD3-1E1F-4D3B-BA71-EC94F3FA2809}.Release|Any CPU.ActiveCfg = Release|Any CPU
		{65C02DD3-1E1F-4D3B-BA71-EC94F3FA2809}.Release|Any CPU.Build.0 = Release|Any CPU
	EndGlobalSection
	GlobalSection(SolutionProperties) = preSolution
		HideSolutionNode = FALSE
	EndGlobalSection
	GlobalSection(ExtensibilityGlobals) = postSolution
		SolutionGuid = {5BAF5AC9-170A-4000-AF66-99A7F29CA7B2}
	EndGlobalSection
EndGlobal
