
Microsoft Visual Studio Solution File, Format Version 12.00
# Visual Studio Version 17
VisualStudioVersion = 17.7.34031.279
MinimumVisualStudioVersion = 10.0.40219.1
Project("{FAE04EC0-301F-11D3-BF4B-00C04F79EFBC}") = "Prog_Tema_4_Ej_05", "Prog_Tema_4_Ej_05\Prog_Tema_4_Ej_05.csproj", "{66A41D47-FA1C-43D5-ADA7-6E701FDAD3CB}"
EndProject
Global
	GlobalSection(SolutionConfigurationPlatforms) = preSolution
		Debug|Any CPU = Debug|Any CPU
		Release|Any CPU = Release|Any CPU
	EndGlobalSection
	GlobalSection(ProjectConfigurationPlatforms) = postSolution
		{66A41D47-FA1C-43D5-ADA7-6E701FDAD3CB}.Debug|Any CPU.ActiveCfg = Debug|Any CPU
		{66A41D47-FA1C-43D5-ADA7-6E701FDAD3CB}.Debug|Any CPU.Build.0 = Debug|Any CPU
		{66A41D47-FA1C-43D5-ADA7-6E701FDAD3CB}.Release|Any CPU.ActiveCfg = Release|Any CPU
		{66A41D47-FA1C-43D5-ADA7-6E701FDAD3CB}.Release|Any CPU.Build.0 = Release|Any CPU
	EndGlobalSection
	GlobalSection(SolutionProperties) = preSolution
		HideSolutionNode = FALSE
	EndGlobalSection
	GlobalSection(ExtensibilityGlobals) = postSolution
		SolutionGuid = {799FF994-7390-4C4B-A4B1-58C747BF1DDC}
	EndGlobalSection
EndGlobal
