
Microsoft Visual Studio Solution File, Format Version 12.00
# Visual Studio Version 17
VisualStudioVersion = 17.10.35004.147
MinimumVisualStudioVersion = 10.0.40219.1
Project("{FAE04EC0-301F-11D3-BF4B-00C04F79EFBC}") = "Prog_Tema_2_Ej_11", "Prog_Tema_2_Ej_11\Prog_Tema_2_Ej_11.csproj", "{2294A9D5-A6C7-41EC-8E00-21D433536EF9}"
EndProject
Global
	GlobalSection(SolutionConfigurationPlatforms) = preSolution
		Debug|Any CPU = Debug|Any CPU
		Release|Any CPU = Release|Any CPU
	EndGlobalSection
	GlobalSection(ProjectConfigurationPlatforms) = postSolution
		{2294A9D5-A6C7-41EC-8E00-21D433536EF9}.Debug|Any CPU.ActiveCfg = Debug|Any CPU
		{2294A9D5-A6C7-41EC-8E00-21D433536EF9}.Debug|Any CPU.Build.0 = Debug|Any CPU
		{2294A9D5-A6C7-41EC-8E00-21D433536EF9}.Release|Any CPU.ActiveCfg = Release|Any CPU
		{2294A9D5-A6C7-41EC-8E00-21D433536EF9}.Release|Any CPU.Build.0 = Release|Any CPU
	EndGlobalSection
	GlobalSection(SolutionProperties) = preSolution
		HideSolutionNode = FALSE
	EndGlobalSection
	GlobalSection(ExtensibilityGlobals) = postSolution
		SolutionGuid = {F33BF159-5072-4371-AA30-E9026C43E1F9}
	EndGlobalSection
EndGlobal
