
Microsoft Visual Studio Solution File, Format Version 12.00
# Visual Studio Version 17
VisualStudioVersion = 17.10.35004.147
MinimumVisualStudioVersion = 10.0.40219.1
Project("{FAE04EC0-301F-11D3-BF4B-00C04F79EFBC}") = "Prog_Tema_4_Ej_16", "Prog_Tema_4_Ej_16\Prog_Tema_4_Ej_16.csproj", "{F06DC685-F269-46A1-A277-99968FE19167}"
EndProject
Project("{FAE04EC0-301F-11D3-BF4B-00C04F79EFBC}") = "Tests_Tema_4_Ej_16", "Tests_Tema_4_Ej_16\Tests_Tema_4_Ej_16.csproj", "{026C3B2B-4CC8-4032-9318-58E2CF76A7C6}"
EndProject
Global
	GlobalSection(SolutionConfigurationPlatforms) = preSolution
		Debug|Any CPU = Debug|Any CPU
		Release|Any CPU = Release|Any CPU
	EndGlobalSection
	GlobalSection(ProjectConfigurationPlatforms) = postSolution
		{F06DC685-F269-46A1-A277-99968FE19167}.Debug|Any CPU.ActiveCfg = Debug|Any CPU
		{F06DC685-F269-46A1-A277-99968FE19167}.Debug|Any CPU.Build.0 = Debug|Any CPU
		{F06DC685-F269-46A1-A277-99968FE19167}.Release|Any CPU.ActiveCfg = Release|Any CPU
		{F06DC685-F269-46A1-A277-99968FE19167}.Release|Any CPU.Build.0 = Release|Any CPU
		{026C3B2B-4CC8-4032-9318-58E2CF76A7C6}.Debug|Any CPU.ActiveCfg = Debug|Any CPU
		{026C3B2B-4CC8-4032-9318-58E2CF76A7C6}.Debug|Any CPU.Build.0 = Debug|Any CPU
		{026C3B2B-4CC8-4032-9318-58E2CF76A7C6}.Release|Any CPU.ActiveCfg = Release|Any CPU
		{026C3B2B-4CC8-4032-9318-58E2CF76A7C6}.Release|Any CPU.Build.0 = Release|Any CPU
	EndGlobalSection
	GlobalSection(SolutionProperties) = preSolution
		HideSolutionNode = FALSE
	EndGlobalSection
	GlobalSection(ExtensibilityGlobals) = postSolution
		SolutionGuid = {1EC56D95-0898-4961-B8A0-13E58EF6EF73}
	EndGlobalSection
EndGlobal
