
Microsoft Visual Studio Solution File, Format Version 12.00
# Visual Studio Version 17
VisualStudioVersion = 17.10.35004.147
MinimumVisualStudioVersion = 10.0.40219.1
Project("{FAE04EC0-301F-11D3-BF4B-00C04F79EFBC}") = "Prog_Tema_4_Ej_13", "Prog_Tema_4_Ej_13\Prog_Tema_4_Ej_13.csproj", "{DBBC39AA-0351-4E28-A4C2-616637DEC0A6}"
EndProject
Project("{FAE04EC0-301F-11D3-BF4B-00C04F79EFBC}") = "Tests_Tema_4_Ej_13", "Tests_Tema_4_Ej_13\Tests_Tema_4_Ej_13.csproj", "{F8B060BB-9E66-44A1-92DD-35F8E640B4F9}"
EndProject
Global
	GlobalSection(SolutionConfigurationPlatforms) = preSolution
		Debug|Any CPU = Debug|Any CPU
		Release|Any CPU = Release|Any CPU
	EndGlobalSection
	GlobalSection(ProjectConfigurationPlatforms) = postSolution
		{DBBC39AA-0351-4E28-A4C2-616637DEC0A6}.Debug|Any CPU.ActiveCfg = Debug|Any CPU
		{DBBC39AA-0351-4E28-A4C2-616637DEC0A6}.Debug|Any CPU.Build.0 = Debug|Any CPU
		{DBBC39AA-0351-4E28-A4C2-616637DEC0A6}.Release|Any CPU.ActiveCfg = Release|Any CPU
		{DBBC39AA-0351-4E28-A4C2-616637DEC0A6}.Release|Any CPU.Build.0 = Release|Any CPU
		{F8B060BB-9E66-44A1-92DD-35F8E640B4F9}.Debug|Any CPU.ActiveCfg = Debug|Any CPU
		{F8B060BB-9E66-44A1-92DD-35F8E640B4F9}.Debug|Any CPU.Build.0 = Debug|Any CPU
		{F8B060BB-9E66-44A1-92DD-35F8E640B4F9}.Release|Any CPU.ActiveCfg = Release|Any CPU
		{F8B060BB-9E66-44A1-92DD-35F8E640B4F9}.Release|Any CPU.Build.0 = Release|Any CPU
	EndGlobalSection
	GlobalSection(SolutionProperties) = preSolution
		HideSolutionNode = FALSE
	EndGlobalSection
	GlobalSection(ExtensibilityGlobals) = postSolution
		SolutionGuid = {5C44B3E3-602E-46F4-BB1E-7B0257C46108}
	EndGlobalSection
EndGlobal
