
Microsoft Visual Studio Solution File, Format Version 12.00
# Visual Studio Version 17
VisualStudioVersion = 17.10.35004.147
MinimumVisualStudioVersion = 10.0.40219.1
Project("{FAE04EC0-301F-11D3-BF4B-00C04F79EFBC}") = "Prog_Tema_3_Ej_21", "Prog_Tema_3_Ej_21\Prog_Tema_3_Ej_21.csproj", "{ABED15D4-0C92-4CC5-AAEC-0557CCADB4EC}"
EndProject
Global
	GlobalSection(SolutionConfigurationPlatforms) = preSolution
		Debug|Any CPU = Debug|Any CPU
		Release|Any CPU = Release|Any CPU
	EndGlobalSection
	GlobalSection(ProjectConfigurationPlatforms) = postSolution
		{ABED15D4-0C92-4CC5-AAEC-0557CCADB4EC}.Debug|Any CPU.ActiveCfg = Debug|Any CPU
		{ABED15D4-0C92-4CC5-AAEC-0557CCADB4EC}.Debug|Any CPU.Build.0 = Debug|Any CPU
		{ABED15D4-0C92-4CC5-AAEC-0557CCADB4EC}.Release|Any CPU.ActiveCfg = Release|Any CPU
		{ABED15D4-0C92-4CC5-AAEC-0557CCADB4EC}.Release|Any CPU.Build.0 = Release|Any CPU
	EndGlobalSection
	GlobalSection(SolutionProperties) = preSolution
		HideSolutionNode = FALSE
	EndGlobalSection
	GlobalSection(ExtensibilityGlobals) = postSolution
		SolutionGuid = {AD8CDDC8-DFB6-4A84-AFA5-D4FC0849E9C4}
	EndGlobalSection
EndGlobal
