
Microsoft Visual Studio Solution File, Format Version 12.00
# Visual Studio Version 17
VisualStudioVersion = 17.10.35004.147
MinimumVisualStudioVersion = 10.0.40219.1
Project("{FAE04EC0-301F-11D3-BF4B-00C04F79EFBC}") = "Prog_Tema_5_Ej_07", "Prog_Tema_5_Ej_07\Prog_Tema_5_Ej_07.csproj", "{21A3F114-9F63-4F8D-A89D-95E426C4BEBD}"
EndProject
Global
	GlobalSection(SolutionConfigurationPlatforms) = preSolution
		Debug|Any CPU = Debug|Any CPU
		Release|Any CPU = Release|Any CPU
	EndGlobalSection
	GlobalSection(ProjectConfigurationPlatforms) = postSolution
		{21A3F114-9F63-4F8D-A89D-95E426C4BEBD}.Debug|Any CPU.ActiveCfg = Debug|Any CPU
		{21A3F114-9F63-4F8D-A89D-95E426C4BEBD}.Debug|Any CPU.Build.0 = Debug|Any CPU
		{21A3F114-9F63-4F8D-A89D-95E426C4BEBD}.Release|Any CPU.ActiveCfg = Release|Any CPU
		{21A3F114-9F63-4F8D-A89D-95E426C4BEBD}.Release|Any CPU.Build.0 = Release|Any CPU
	EndGlobalSection
	GlobalSection(SolutionProperties) = preSolution
		HideSolutionNode = FALSE
	EndGlobalSection
	GlobalSection(ExtensibilityGlobals) = postSolution
		SolutionGuid = {744616A2-08D1-4B0B-9200-A7AC889A05F5}
	EndGlobalSection
EndGlobal
