
Microsoft Visual Studio Solution File, Format Version 12.00
# Visual Studio Version 17
VisualStudioVersion = 17.10.35004.147
MinimumVisualStudioVersion = 10.0.40219.1
Project("{FAE04EC0-301F-11D3-BF4B-00C04F79EFBC}") = "Prog_Tema_4_Ej_20", "Prog_Tema_4_Ej_20\Prog_Tema_4_Ej_20.csproj", "{392B2EC4-E445-4E85-A2A1-390457EE2945}"
EndProject
Global
	GlobalSection(SolutionConfigurationPlatforms) = preSolution
		Debug|Any CPU = Debug|Any CPU
		Release|Any CPU = Release|Any CPU
	EndGlobalSection
	GlobalSection(ProjectConfigurationPlatforms) = postSolution
		{392B2EC4-E445-4E85-A2A1-390457EE2945}.Debug|Any CPU.ActiveCfg = Debug|Any CPU
		{392B2EC4-E445-4E85-A2A1-390457EE2945}.Debug|Any CPU.Build.0 = Debug|Any CPU
		{392B2EC4-E445-4E85-A2A1-390457EE2945}.Release|Any CPU.ActiveCfg = Release|Any CPU
		{392B2EC4-E445-4E85-A2A1-390457EE2945}.Release|Any CPU.Build.0 = Release|Any CPU
	EndGlobalSection
	GlobalSection(SolutionProperties) = preSolution
		HideSolutionNode = FALSE
	EndGlobalSection
	GlobalSection(ExtensibilityGlobals) = postSolution
		SolutionGuid = {46BA07DC-2180-468D-A3E5-6B2F22447A8C}
	EndGlobalSection
EndGlobal
