
Microsoft Visual Studio Solution File, Format Version 12.00
# Visual Studio Version 17
VisualStudioVersion = 17.10.35004.147
MinimumVisualStudioVersion = 10.0.40219.1
Project("{FAE04EC0-301F-11D3-BF4B-00C04F79EFBC}") = "Prog_Tema_5_Ej_02", "Prog_Tema_5_Ej_02\Prog_Tema_5_Ej_02.csproj", "{E595BCBB-D759-40C8-A617-2494ACF908A4}"
EndProject
Global
	GlobalSection(SolutionConfigurationPlatforms) = preSolution
		Debug|Any CPU = Debug|Any CPU
		Release|Any CPU = Release|Any CPU
	EndGlobalSection
	GlobalSection(ProjectConfigurationPlatforms) = postSolution
		{E595BCBB-D759-40C8-A617-2494ACF908A4}.Debug|Any CPU.ActiveCfg = Debug|Any CPU
		{E595BCBB-D759-40C8-A617-2494ACF908A4}.Debug|Any CPU.Build.0 = Debug|Any CPU
		{E595BCBB-D759-40C8-A617-2494ACF908A4}.Release|Any CPU.ActiveCfg = Release|Any CPU
		{E595BCBB-D759-40C8-A617-2494ACF908A4}.Release|Any CPU.Build.0 = Release|Any CPU
	EndGlobalSection
	GlobalSection(SolutionProperties) = preSolution
		HideSolutionNode = FALSE
	EndGlobalSection
	GlobalSection(ExtensibilityGlobals) = postSolution
		SolutionGuid = {0D692C80-878B-462F-A0C5-FBF91A15AC32}
	EndGlobalSection
EndGlobal
