
Microsoft Visual Studio Solution File, Format Version 12.00
# Visual Studio Version 17
VisualStudioVersion = 17.10.35004.147
MinimumVisualStudioVersion = 10.0.40219.1
Project("{FAE04EC0-301F-11D3-BF4B-00C04F79EFBC}") = "Prog_Tema_3_Ej_12", "Prog_Tema_3_Ej_12\Prog_Tema_3_Ej_12.csproj", "{701B083B-2E9A-4038-8469-7FE2E2478A23}"
EndProject
Global
	GlobalSection(SolutionConfigurationPlatforms) = preSolution
		Debug|Any CPU = Debug|Any CPU
		Release|Any CPU = Release|Any CPU
	EndGlobalSection
	GlobalSection(ProjectConfigurationPlatforms) = postSolution
		{701B083B-2E9A-4038-8469-7FE2E2478A23}.Debug|Any CPU.ActiveCfg = Debug|Any CPU
		{701B083B-2E9A-4038-8469-7FE2E2478A23}.Debug|Any CPU.Build.0 = Debug|Any CPU
		{701B083B-2E9A-4038-8469-7FE2E2478A23}.Release|Any CPU.ActiveCfg = Release|Any CPU
		{701B083B-2E9A-4038-8469-7FE2E2478A23}.Release|Any CPU.Build.0 = Release|Any CPU
	EndGlobalSection
	GlobalSection(SolutionProperties) = preSolution
		HideSolutionNode = FALSE
	EndGlobalSection
	GlobalSection(ExtensibilityGlobals) = postSolution
		SolutionGuid = {E1F9F98B-CA94-4858-8C28-48FCCCBD7AD3}
	EndGlobalSection
EndGlobal
