
Microsoft Visual Studio Solution File, Format Version 12.00
# Visual Studio Version 17
VisualStudioVersion = 17.10.35004.147
MinimumVisualStudioVersion = 10.0.40219.1
Project("{FAE04EC0-301F-11D3-BF4B-00C04F79EFBC}") = "Prog_Tema_6_Ej_05", "Prog_Tema_6_Ej_05\Prog_Tema_6_Ej_05.csproj", "{ACD98496-5C25-4A46-A4A1-0ED92B07F968}"
EndProject
Global
	GlobalSection(SolutionConfigurationPlatforms) = preSolution
		Debug|Any CPU = Debug|Any CPU
		Release|Any CPU = Release|Any CPU
	EndGlobalSection
	GlobalSection(ProjectConfigurationPlatforms) = postSolution
		{ACD98496-5C25-4A46-A4A1-0ED92B07F968}.Debug|Any CPU.ActiveCfg = Debug|Any CPU
		{ACD98496-5C25-4A46-A4A1-0ED92B07F968}.Debug|Any CPU.Build.0 = Debug|Any CPU
		{ACD98496-5C25-4A46-A4A1-0ED92B07F968}.Release|Any CPU.ActiveCfg = Release|Any CPU
		{ACD98496-5C25-4A46-A4A1-0ED92B07F968}.Release|Any CPU.Build.0 = Release|Any CPU
	EndGlobalSection
	GlobalSection(SolutionProperties) = preSolution
		HideSolutionNode = FALSE
	EndGlobalSection
	GlobalSection(ExtensibilityGlobals) = postSolution
		SolutionGuid = {5480A01C-D871-4974-A09B-BAB3F360AC7B}
	EndGlobalSection
EndGlobal
